<?xml version="1.0" encoding="utf-8"?>
<Project ToolsVersion="4.0" xmlns="http://schemas.microsoft.com/developer/msbuild/2003">
  <ItemGroup>
    <Filter Include="Source Files">
      <UniqueIdentifier>{4FC737F1-C7A5-4376-A066-2A32D752A2FF}</UniqueIdentifier>
      <Extensions>cpp;c;cc;cxx;c++;def;odl;idl;hpj;bat;asm;asmx</Extensions>
    </Filter>
    <Filter Include="Header Files">
      <UniqueIdentifier>{93995380-89BD-4b04-88EB-625FBE52EBFB}</UniqueIdentifier>
      <Extensions>h;hh;hpp;hxx;h++;hm;inl;inc;ipp;xsd</Extensions>
    </Filter>
    <Filter Include="Resource Files">
      <UniqueIdentifier>{67DA6AB6-F800-4c08-8B7A-83BB121AAD01}</UniqueIdentifier>
      <Extensions>rc;cur;dlg;rc2;rct;bin;rgs;wav;mfcribbon-ms</Extensions>
    </Filter>
    <Filter Include="Resource Files\images">
      <UniqueIdentifier>{8208669c-efae-4e5e-b65a-462150fee8c9}</UniqueIdentifier>
      <Extensions>ico;bmp;gif;jpg;jpeg;jpe;tiff;tif;png</Extensions>
    </Filter>
    <Filter Include="json-parser">
      <UniqueIdentifier>{778c34c8-c2bc-4261-84eb-1c7fa46e4ddd}</UniqueIdentifier>
    </Filter>
  </ItemGroup>
  <ItemGroup>
    <ClCompile Include="..\src\Jabra.cpp">
      <Filter>Source Files</Filter>
    </ClCompile>
    <ClCompile Include="..\src\OffHook.cpp">
      <Filter>Source Files</Filter>
    </ClCompile>
    <ClCompile Include="..\src\json-parser\json.c">
      <Filter>json-parser</Filter>
    </ClCompile>
    <ClCompile Include="..\src\MainDialog.cpp">
      <Filter>Source Files</Filter>
    </ClCompile>
    <ClCompile Include="..\src\Settings.cpp">
      <Filter>Source Files</Filter>
    </ClCompile>
    <ClCompile Include="..\src\SettingsDialog.cpp">
      <Filter>Source Files</Filter>
    </ClCompile>
  </ItemGroup>
  <ItemGroup>
    <ClInclude Include="..\src\Jabra.h">
      <Filter>Header Files</Filter>
    </ClInclude>
    <ClInclude Include="..\src\OffHook.h">
      <Filter>Header Files</Filter>
    </ClInclude>
    <ClInclude Include="..\src\json-parser\json.h">
      <Filter>json-parser</Filter>
    </ClInclude>
    <ClInclude Include="..\src\rc\resource.h">
      <Filter>Resource Files</Filter>
    </ClInclude>
    <ClInclude Include="..\src\MainDialog.h">
      <Filter>Header Files</Filter>
    </ClInclude>
    <ClInclude Include="..\src\Singleton.h">
      <Filter>Header Files</Filter>
    </ClInclude>
    <ClInclude Include="..\src\Settings.h">
      <Filter>Header Files</Filter>
    </ClInclude>
    <ClInclude Include="..\src\SettingsDialog.h">
      <Filter>Header Files</Filter>
    </ClInclude>
    <ClInclude Include="..\src\OffHookSettings.h">
      <Filter>Header Files</Filter>
    </ClInclude>
  </ItemGroup>
  <ItemGroup>
    <ResourceCompile Include="..\src\rc\OffHook.rc">
      <Filter>Resource Files</Filter>
    </ResourceCompile>
  </ItemGroup>
  <ItemGroup>
    <Image Include="..\src\rc\images\busy_off.bmp">
      <Filter>Resource Files\images</Filter>
    </Image>
    <Image Include="..\src\rc\images\busy_on.bmp">
      <Filter>Resource Files\images</Filter>
    </Image>
    <Image Include="..\src\rc\images\mic_off.bmp">
      <Filter>Resource Files\images</Filter>
    </Image>
    <Image Include="..\src\rc\images\mic_on.bmp">
      <Filter>Resource Files\images</Filter>
    </Image>
    <Image Include="..\src\rc\images\OffHook.bmp">
      <Filter>Resource Files\images</Filter>
    </Image>
    <Image Include="..\src\rc\images\OnHook.bmp">
      <Filter>Resource Files\images</Filter>
    </Image>
    <Image Include="..\src\rc\images\app.ico">
      <Filter>Resource Files\images</Filter>
    </Image>
  </ItemGroup>
</Project>